
Microsoft Visual Studio Solution File, Format Version 12.00
# Visual Studio Version 16
VisualStudioVersion = 16.0.32630.194
MinimumVisualStudioVersion = 10.0.40219.1
Project("{FAE04EC0-301F-11D3-BF4B-00C04F79EFBC}") = "day39_01", "day39_01\day39_01.csproj", "{FD76A500-8A81-4EC9-975C-D17FC94C7427}"
EndProject
Global
	GlobalSection(SolutionConfigurationPlatforms) = preSolution
		Debug|Any CPU = Debug|Any CPU
		Release|Any CPU = Release|Any CPU
	EndGlobalSection
	GlobalSection(ProjectConfigurationPlatforms) = postSolution
		{FD76A500-8A81-4EC9-975C-D17FC94C7427}.Debug|Any CPU.ActiveCfg = Debug|Any CPU
		{FD76A500-8A81-4EC9-975C-D17FC94C7427}.Debug|Any CPU.Build.0 = Debug|Any CPU
		{FD76A500-8A81-4EC9-975C-D17FC94C7427}.Release|Any CPU.ActiveCfg = Release|Any CPU
		{FD76A500-8A81-4EC9-975C-D17FC94C7427}.Release|Any CPU.Build.0 = Release|Any CPU
	EndGlobalSection
	GlobalSection(SolutionProperties) = preSolution
		HideSolutionNode = FALSE
	EndGlobalSection
	GlobalSection(ExtensibilityGlobals) = postSolution
		SolutionGuid = {C524F51D-742F-4039-881E-32CE5F829CED}
	EndGlobalSection
EndGlobal
